
Microsoft Visual Studio Solution File, Format Version 12.00
# Visual Studio Version 17
VisualStudioVersion = 17.11.35222.181
MinimumVisualStudioVersion = 10.0.40219.1
Project("{8BC9CEB8-8B4A-11D0-8D11-00A0C91BC942}") = "函数模板的使用", "函数模板的使用\函数模板的使用.vcxproj", "{090746C2-0390-42A7-A688-7B1EB68FF673}"
EndProject
Global
	GlobalSection(SolutionConfigurationPlatforms) = preSolution
		Debug|x64 = Debug|x64
		Debug|x86 = Debug|x86
		Release|x64 = Release|x64
		Release|x86 = Release|x86
	EndGlobalSection
	GlobalSection(ProjectConfigurationPlatforms) = postSolution
		{090746C2-0390-42A7-A688-7B1EB68FF673}.Debug|x64.ActiveCfg = Debug|x64
		{090746C2-0390-42A7-A688-7B1EB68FF673}.Debug|x64.Build.0 = Debug|x64
		{090746C2-0390-42A7-A688-7B1EB68FF673}.Debug|x86.ActiveCfg = Debug|Win32
		{090746C2-0390-42A7-A688-7B1EB68FF673}.Debug|x86.Build.0 = Debug|Win32
		{090746C2-0390-42A7-A688-7B1EB68FF673}.Release|x64.ActiveCfg = Release|x64
		{090746C2-0390-42A7-A688-7B1EB68FF673}.Release|x64.Build.0 = Release|x64
		{090746C2-0390-42A7-A688-7B1EB68FF673}.Release|x86.ActiveCfg = Release|Win32
		{090746C2-0390-42A7-A688-7B1EB68FF673}.Release|x86.Build.0 = Release|Win32
	EndGlobalSection
	GlobalSection(SolutionProperties) = preSolution
		HideSolutionNode = FALSE
	EndGlobalSection
	GlobalSection(ExtensibilityGlobals) = postSolution
		SolutionGuid = {BFF0201D-228C-4BBD-8A74-E1484D64E1DF}
	EndGlobalSection
EndGlobal
